
Microsoft Visual Studio Solution File, Format Version 12.00
# Visual Studio Version 16
VisualStudioVersion = 16.0.29920.165
MinimumVisualStudioVersion = 10.0.40219.1
Project("{888888A0-9F3D-457C-B088-3A5042F75D52}") = "IK", "IK\IK.pyproj", "{8253BF2D-241C-49F1-A6EC-B7C21E1C6FD1}"
EndProject
Global
	GlobalSection(SolutionConfigurationPlatforms) = preSolution
		Debug|Any CPU = Debug|Any CPU
		Release|Any CPU = Release|Any CPU
	EndGlobalSection
	GlobalSection(ProjectConfigurationPlatforms) = postSolution
		{8253BF2D-241C-49F1-A6EC-B7C21E1C6FD1}.Debug|Any CPU.ActiveCfg = Debug|Any CPU
		{8253BF2D-241C-49F1-A6EC-B7C21E1C6FD1}.Release|Any CPU.ActiveCfg = Release|Any CPU
	EndGlobalSection
	GlobalSection(SolutionProperties) = preSolution
		HideSolutionNode = FALSE
	EndGlobalSection
	GlobalSection(ExtensibilityGlobals) = postSolution
		SolutionGuid = {6F3BEF35-5B5D-454A-85E7-430EA7C11912}
	EndGlobalSection
EndGlobal
