
Microsoft Visual Studio Solution File, Format Version 12.00
# Visual Studio Version 16
VisualStudioVersion = 16.0.29920.165
MinimumVisualStudioVersion = 10.0.40219.1
Project("{888888A0-9F3D-457C-B088-3A5042F75D52}") = "IK2", "IK2\IK2.pyproj", "{92317981-A220-4ED7-B53A-E702C8C62255}"
EndProject
Global
	GlobalSection(SolutionConfigurationPlatforms) = preSolution
		Debug|Any CPU = Debug|Any CPU
		Release|Any CPU = Release|Any CPU
	EndGlobalSection
	GlobalSection(ProjectConfigurationPlatforms) = postSolution
		{92317981-A220-4ED7-B53A-E702C8C62255}.Debug|Any CPU.ActiveCfg = Debug|Any CPU
		{92317981-A220-4ED7-B53A-E702C8C62255}.Release|Any CPU.ActiveCfg = Release|Any CPU
	EndGlobalSection
	GlobalSection(SolutionProperties) = preSolution
		HideSolutionNode = FALSE
	EndGlobalSection
	GlobalSection(ExtensibilityGlobals) = postSolution
		SolutionGuid = {6EE7ABDE-94C2-4C4C-ADAC-78DCFB8C61BD}
	EndGlobalSection
EndGlobal
